
Microsoft Visual Studio Solution File, Format Version 12.00
# Visual Studio 15
VisualStudioVersion = 15.0.26228.9
MinimumVisualStudioVersion = 10.0.40219.1
Project("{E24C65DC-7377-472B-9ABA-BC803B73C61A}") = "WebSite1(1)", "D:\Kelloggs-KFR\development\WebSite1\", "{C9E5884A-F042-420E-997C-E14ED015C4D2}"
	ProjectSection(WebsiteProperties) = preProject
		TargetFrameworkMoniker = ".NETFramework,Version%3Dv4.5.2"
		Debug.AspNetCompiler.VirtualPath = "/localhost_52104"
		Debug.AspNetCompiler.PhysicalPath = "D:\Kelloggs-KFR\development\WebSite1\"
		Debug.AspNetCompiler.TargetPath = "PrecompiledWeb\localhost_52104\"
		Debug.AspNetCompiler.Updateable = "true"
		Debug.AspNetCompiler.ForceOverwrite = "true"
		Debug.AspNetCompiler.FixedNames = "false"
		Debug.AspNetCompiler.Debug = "True"
		Release.AspNetCompiler.VirtualPath = "/localhost_52104"
		Release.AspNetCompiler.PhysicalPath = "D:\Kelloggs-KFR\development\WebSite1\"
		Release.AspNetCompiler.TargetPath = "PrecompiledWeb\localhost_52104\"
		Release.AspNetCompiler.Updateable = "true"
		Release.AspNetCompiler.ForceOverwrite = "true"
		Release.AspNetCompiler.FixedNames = "false"
		Release.AspNetCompiler.Debug = "False"
		VWDPort = "52104"
		DefaultWebSiteLanguage = "Visual C#"
	EndProjectSection
EndProject
Global
	GlobalSection(SolutionConfigurationPlatforms) = preSolution
		Debug|Any CPU = Debug|Any CPU
	EndGlobalSection
	GlobalSection(ProjectConfigurationPlatforms) = postSolution
		{C9E5884A-F042-420E-997C-E14ED015C4D2}.Debug|Any CPU.ActiveCfg = Debug|Any CPU
		{C9E5884A-F042-420E-997C-E14ED015C4D2}.Debug|Any CPU.Build.0 = Debug|Any CPU
	EndGlobalSection
	GlobalSection(SolutionProperties) = preSolution
		HideSolutionNode = FALSE
	EndGlobalSection
EndGlobal
